<?xml version="1.0" encoding="utf-8"?>
<Project ToolsVersion="4.0" xmlns="http://schemas.microsoft.com/developer/msbuild/2003">
  <ItemGroup>
    <Filter Include="Source files">
      <UniqueIdentifier>{da086646-7325-4ca3-a05e-d87b483adb75}</UniqueIdentifier>
      <Extensions>cpp;c;cc;cxx;def;odl;idl;hpj;bat;asm;asmx</Extensions>
    </Filter>
    <Filter Include="Header files">
      <UniqueIdentifier>{fc904245-b645-499c-9f36-07ad58ce0c45}</UniqueIdentifier>
      <Extensions>h;hpp;hxx;hm;inl;inc;xsd</Extensions>
    </Filter>
    <Filter Include="Resource files">
      <UniqueIdentifier>{a1b9d7cb-e081-46aa-aa2e-65750bcf0e95}</UniqueIdentifier>
      <Extensions>rc;ico;cur;bmp;dlg;rc2;rct;bin;rgs;gif;jpg;jpeg;jpe;resx;tiff;tif;png;wav</Extensions>
    </Filter>
    <Filter Include="VisualGDB settings">
      <UniqueIdentifier>{a2944061-3868-4d27-9c2d-3581c91c8778}</UniqueIdentifier>
      <Extensions>vgdbsettings</Extensions>
    </Filter>
    <Filter Include="Header files\dao">
      <UniqueIdentifier>{57decc21-dda9-454b-858b-1a2dfe4725aa}</UniqueIdentifier>
    </Filter>
    <Filter Include="Header files\controller">
      <UniqueIdentifier>{f57e349f-36ec-4f93-940e-7ef7b9bd6ab7}</UniqueIdentifier>
    </Filter>
    <Filter Include="Header files\action">
      <UniqueIdentifier>{fef11d60-4ed1-4399-8356-73e01874f101}</UniqueIdentifier>
    </Filter>
    <Filter Include="Header files\json">
      <UniqueIdentifier>{d40ad888-7358-4a9e-82f6-2dc2d497355c}</UniqueIdentifier>
    </Filter>
    <Filter Include="Header files\util">
      <UniqueIdentifier>{f4fae5af-f9c4-4146-a166-986e241785c2}</UniqueIdentifier>
    </Filter>
    <Filter Include="Header files\action\fight">
      <UniqueIdentifier>{7b9d26a5-c205-4250-824e-19c11efb3ec5}</UniqueIdentifier>
    </Filter>
    <Filter Include="Header files\action\websocket">
      <UniqueIdentifier>{b4cb1c05-b890-4c67-a960-970de143419c}</UniqueIdentifier>
    </Filter>
    <Filter Include="Header files\action\user">
      <UniqueIdentifier>{750dca36-0331-41a3-b2a6-b665efd6acb1}</UniqueIdentifier>
    </Filter>
    <Filter Include="Header files\action\notice">
      <UniqueIdentifier>{f3246d0d-e897-4306-9a81-8c8144a14a1c}</UniqueIdentifier>
    </Filter>
  </ItemGroup>
  <ItemGroup>
    <None Include="LinuxProject3-Debug.vgdbsettings">
      <Filter>VisualGDB settings</Filter>
    </None>
    <None Include="LinuxProject3-Release.vgdbsettings">
      <Filter>VisualGDB settings</Filter>
    </None>
  </ItemGroup>
  <ItemGroup>
    <ClInclude Include="userDao.h">
      <Filter>Header files\dao</Filter>
    </ClInclude>
    <ClInclude Include="sqlTem.h">
      <Filter>Header files\dao</Filter>
    </ClInclude>
    <ClInclude Include="mapDao.h">
      <Filter>Header files\dao</Filter>
    </ClInclude>
    <ClInclude Include="monsterDao.h">
      <Filter>Header files\dao</Filter>
    </ClInclude>
    <ClInclude Include="JsonFactory.h">
      <Filter>Header files\json</Filter>
    </ClInclude>
    <ClInclude Include="equipmentDao.h">
      <Filter>Header files\dao</Filter>
    </ClInclude>
    <ClInclude Include="requestHanlder.h">
      <Filter>Header files\controller</Filter>
    </ClInclude>
    <ClInclude Include="websocketSession.h">
      <Filter>Header files\controller</Filter>
    </ClInclude>
    <ClInclude Include="cJSON.h">
      <Filter>Header files\util</Filter>
    </ClInclude>
    <ClInclude Include="requestReceiver.h">
      <Filter>Header files\controller</Filter>
    </ClInclude>
    <ClInclude Include="intLib.h">
      <Filter>Header files\util</Filter>
    </ClInclude>
    <ClInclude Include="base64.h">
      <Filter>Header files\util</Filter>
    </ClInclude>
    <ClInclude Include="sha1.h">
      <Filter>Header files\util</Filter>
    </ClInclude>
    <ClInclude Include="baseFightUnit.h">
      <Filter>Header files\dao</Filter>
    </ClInclude>
    <ClInclude Include="fightAction.h">
      <Filter>Header files\action\fight</Filter>
    </ClInclude>
    <ClInclude Include="mapFight.h">
      <Filter>Header files\action\fight</Filter>
    </ClInclude>
    <ClInclude Include="UserFight.h">
      <Filter>Header files\action\fight</Filter>
    </ClInclude>
    <ClInclude Include="fightRoom.h">
      <Filter>Header files\action\fight</Filter>
    </ClInclude>
    <ClInclude Include="websocketSendAction.h">
      <Filter>Header files\action\websocket</Filter>
    </ClInclude>
    <ClInclude Include="websocketSessionManage.h">
      <Filter>Header files\action\websocket</Filter>
    </ClInclude>
    <ClInclude Include="userAction.h">
      <Filter>Header files\action\user</Filter>
    </ClInclude>
    <ClInclude Include="noticeOnlineUserAction.h">
      <Filter>Header files\action\notice</Filter>
    </ClInclude>
    <ClInclude Include="fightParam.h">
      <Filter>Header files\action\fight</Filter>
    </ClInclude>
  </ItemGroup>
  <ItemGroup>
    <ClCompile Include="cJSON.c">
      <Filter>Source files</Filter>
    </ClCompile>
    <ClCompile Include="server.cpp">
      <Filter>Source files</Filter>
    </ClCompile>
  </ItemGroup>
</Project>